
Microsoft Visual Studio Solution File, Format Version 12.00
Project("{FAE04EC0-301F-11D3-BF4B-00C04F79EFBC}") = "Clubz", "Clubz\Clubz.csproj", "{60A0E111-0FEE-470A-8DD8-F9EB2327C2AF}"
EndProject
Global
	GlobalSection(SolutionConfigurationPlatforms) = preSolution
		Debug|Any CPU = Debug|Any CPU
		Release|Any CPU = Release|Any CPU
	EndGlobalSection
	GlobalSection(ProjectConfigurationPlatforms) = postSolution
		{60A0E111-0FEE-470A-8DD8-F9EB2327C2AF}.Debug|Any CPU.ActiveCfg = Debug|Any CPU
		{60A0E111-0FEE-470A-8DD8-F9EB2327C2AF}.Debug|Any CPU.Build.0 = Debug|Any CPU
		{60A0E111-0FEE-470A-8DD8-F9EB2327C2AF}.Release|Any CPU.ActiveCfg = Release|Any CPU
		{60A0E111-0FEE-470A-8DD8-F9EB2327C2AF}.Release|Any CPU.Build.0 = Release|Any CPU
	EndGlobalSection
EndGlobal
